
Microsoft Visual Studio Solution File, Format Version 12.00
# Visual Studio Version 17
VisualStudioVersion = 17.13.35931.197 d17.13
MinimumVisualStudioVersion = 10.0.40219.1
Project("{FAE04EC0-301F-11D3-BF4B-00C04F79EFBC}") = "StealAllTheCatsV2", "Steal All The CatsV2\StealAllTheCatsV2.csproj", "{A2BB68B4-9222-4B3C-8F71-C553F662C0BD}"
EndProject
Global
	GlobalSection(SolutionConfigurationPlatforms) = preSolution
		Debug|Any CPU = Debug|Any CPU
		Release|Any CPU = Release|Any CPU
	EndGlobalSection
	GlobalSection(ProjectConfigurationPlatforms) = postSolution
		{A2BB68B4-9222-4B3C-8F71-C553F662C0BD}.Debug|Any CPU.ActiveCfg = Debug|Any CPU
		{A2BB68B4-9222-4B3C-8F71-C553F662C0BD}.Debug|Any CPU.Build.0 = Debug|Any CPU
		{A2BB68B4-9222-4B3C-8F71-C553F662C0BD}.Release|Any CPU.ActiveCfg = Release|Any CPU
		{A2BB68B4-9222-4B3C-8F71-C553F662C0BD}.Release|Any CPU.Build.0 = Release|Any CPU
	EndGlobalSection
	GlobalSection(SolutionProperties) = preSolution
		HideSolutionNode = FALSE
	EndGlobalSection
	GlobalSection(ExtensibilityGlobals) = postSolution
		SolutionGuid = {E77C2FAF-D483-48AF-91C3-A8854ACEB632}
	EndGlobalSection
EndGlobal
